
Microsoft Visual Studio Solution File, Format Version 12.00
# Visual Studio Version 17
VisualStudioVersion = 17.5.002.0
MinimumVisualStudioVersion = 10.0.40219.1
Project("{9A19103F-16F7-4668-BE54-9A1E7A4F7556}") = "api", "api\api.csproj", "{386B8355-B813-437C-B977-202FF8CEF71A}"
EndProject
Global
	GlobalSection(SolutionConfigurationPlatforms) = preSolution
		Debug|Any CPU = Debug|Any CPU
		Release|Any CPU = Release|Any CPU
	EndGlobalSection
	GlobalSection(ProjectConfigurationPlatforms) = postSolution
		{386B8355-B813-437C-B977-202FF8CEF71A}.Debug|Any CPU.ActiveCfg = Debug|Any CPU
		{386B8355-B813-437C-B977-202FF8CEF71A}.Debug|Any CPU.Build.0 = Debug|Any CPU
		{386B8355-B813-437C-B977-202FF8CEF71A}.Release|Any CPU.ActiveCfg = Release|Any CPU
		{386B8355-B813-437C-B977-202FF8CEF71A}.Release|Any CPU.Build.0 = Release|Any CPU
	EndGlobalSection
	GlobalSection(SolutionProperties) = preSolution
		HideSolutionNode = FALSE
	EndGlobalSection
	GlobalSection(ExtensibilityGlobals) = postSolution
		SolutionGuid = {0BFB4971-5DD5-4CB8-8A29-E7D17DBD9534}
	EndGlobalSection
EndGlobal
